// !$*UTF8*$!
{
	archiveVersion = 1;
	classes = {
	};
	objectVersion = 56;
	objects = {

/* Begin PBXBuildFile section */
		72070FFF2C173FC500DEB707 /* AppDelegate.swift in Sources */ = {isa = PBXBuildFile; fileRef = 72070FFE2C173FC500DEB707 /* AppDelegate.swift */; };
		720710012C173FC500DEB707 /* SceneDelegate.swift in Sources */ = {isa = PBXBuildFile; fileRef = 720710002C173FC500DEB707 /* SceneDelegate.swift */; };
		720710082C173FC700DEB707 /* Assets.xcassets in Resources */ = {isa = PBXBuildFile; fileRef = 720710072C173FC700DEB707 /* Assets.xcassets */; };
		7207100B2C173FC700DEB707 /* Base in Resources */ = {isa = PBXBuildFile; fileRef = 7207100A2C173FC700DEB707 /* Base */; };
		720710152C17402800DEB707 /* MediaTableViewCell.swift in Sources */ = {isa = PBXBuildFile; fileRef = 720710122C17402800DEB707 /* MediaTableViewCell.swift */; };
		720710192C17403B00DEB707 /* MediaViewController.swift in Sources */ = {isa = PBXBuildFile; fileRef = 720710182C17403B00DEB707 /* MediaViewController.swift */; };
		7207101F2C17404700DEB707 /* Button+Extension.swift in Sources */ = {isa = PBXBuildFile; fileRef = 7207101A2C17404700DEB707 /* Button+Extension.swift */; };
		720710202C17404700DEB707 /* Label+Extension.swift in Sources */ = {isa = PBXBuildFile; fileRef = 7207101B2C17404700DEB707 /* Label+Extension.swift */; };
		720710212C17404700DEB707 /* TextField+Extension.swift in Sources */ = {isa = PBXBuildFile; fileRef = 7207101C2C17404700DEB707 /* TextField+Extension.swift */; };
		720710222C17404700DEB707 /* UIImageView+Extension.swift in Sources */ = {isa = PBXBuildFile; fileRef = 7207101D2C17404700DEB707 /* UIImageView+Extension.swift */; };
		720710252C17404D00DEB707 /* ReuseIdentifierProtocol.swift in Sources */ = {isa = PBXBuildFile; fileRef = 720710232C17404D00DEB707 /* ReuseIdentifierProtocol.swift */; };
		720710282C17405600DEB707 /* TMDB.swift in Sources */ = {isa = PBXBuildFile; fileRef = 720710262C17405600DEB707 /* TMDB.swift */; };
		7207102B2C17406100DEB707 /* Kingfisher in Frameworks */ = {isa = PBXBuildFile; productRef = 7207102A2C17406100DEB707 /* Kingfisher */; };
		7207102E2C17406A00DEB707 /* SnapKit in Frameworks */ = {isa = PBXBuildFile; productRef = 7207102D2C17406A00DEB707 /* SnapKit */; };
		720710312C17407400DEB707 /* Alamofire in Frameworks */ = {isa = PBXBuildFile; productRef = 720710302C17407400DEB707 /* Alamofire */; };
		720710352C1740ED00DEB707 /* .gitignore in Resources */ = {isa = PBXBuildFile; fileRef = 720710342C1740ED00DEB707 /* .gitignore */; };
		720710372C17415D00DEB707 /* APIKey.swift in Sources */ = {isa = PBXBuildFile; fileRef = 720710362C17415D00DEB707 /* APIKey.swift */; };
		720710392C17542600DEB707 /* DetailViewController.swift in Sources */ = {isa = PBXBuildFile; fileRef = 720710382C17542600DEB707 /* DetailViewController.swift */; };
		7207103B2C175DF700DEB707 /* OverViewTableViewCell.swift in Sources */ = {isa = PBXBuildFile; fileRef = 7207103A2C175DF700DEB707 /* OverViewTableViewCell.swift */; };
		7207103D2C17609C00DEB707 /* CastTableViewCell.swift in Sources */ = {isa = PBXBuildFile; fileRef = 7207103C2C17609C00DEB707 /* CastTableViewCell.swift */; };
		720710492C18888F00DEB707 /* MovieViewController.swift in Sources */ = {isa = PBXBuildFile; fileRef = 720710482C18888F00DEB707 /* MovieViewController.swift */; };
		7207104B2C18897E00DEB707 /* MovieCollectionViewCell.swift in Sources */ = {isa = PBXBuildFile; fileRef = 7207104A2C18897E00DEB707 /* MovieCollectionViewCell.swift */; };
		7207104D2C18930300DEB707 /* Movie.swift in Sources */ = {isa = PBXBuildFile; fileRef = 7207104C2C18930300DEB707 /* Movie.swift */; };
		720710502C18A75D00DEB707 /* Toast in Frameworks */ = {isa = PBXBuildFile; productRef = 7207104F2C18A75D00DEB707 /* Toast */; };
		72154CC92C29B56C00EEF679 /* TabBarController.swift in Sources */ = {isa = PBXBuildFile; fileRef = 72154CC82C29B56C00EEF679 /* TabBarController.swift */; };
/* End PBXBuildFile section */

/* Begin PBXFileReference section */
		72070FFB2C173FC500DEB707 /* MediaProject.app */ = {isa = PBXFileReference; explicitFileType = wrapper.application; includeInIndex = 0; path = MediaProject.app; sourceTree = BUILT_PRODUCTS_DIR; };
		72070FFE2C173FC500DEB707 /* AppDelegate.swift */ = {isa = PBXFileReference; lastKnownFileType = sourcecode.swift; path = AppDelegate.swift; sourceTree = "<group>"; };
		720710002C173FC500DEB707 /* SceneDelegate.swift */ = {isa = PBXFileReference; lastKnownFileType = sourcecode.swift; path = SceneDelegate.swift; sourceTree = "<group>"; };
		720710072C173FC700DEB707 /* Assets.xcassets */ = {isa = PBXFileReference; lastKnownFileType = folder.assetcatalog; path = Assets.xcassets; sourceTree = "<group>"; };
		7207100A2C173FC700DEB707 /* Base */ = {isa = PBXFileReference; lastKnownFileType = file.storyboard; name = Base; path = Base.lproj/LaunchScreen.storyboard; sourceTree = "<group>"; };
		7207100C2C173FC700DEB707 /* Info.plist */ = {isa = PBXFileReference; lastKnownFileType = text.plist.xml; path = Info.plist; sourceTree = "<group>"; };
		720710122C17402800DEB707 /* MediaTableViewCell.swift */ = {isa = PBXFileReference; fileEncoding = 4; lastKnownFileType = sourcecode.swift; path = MediaTableViewCell.swift; sourceTree = "<group>"; };
		720710182C17403B00DEB707 /* MediaViewController.swift */ = {isa = PBXFileReference; fileEncoding = 4; lastKnownFileType = sourcecode.swift; path = MediaViewController.swift; sourceTree = "<group>"; };
		7207101A2C17404700DEB707 /* Button+Extension.swift */ = {isa = PBXFileReference; fileEncoding = 4; lastKnownFileType = sourcecode.swift; path = "Button+Extension.swift"; sourceTree = "<group>"; };
		7207101B2C17404700DEB707 /* Label+Extension.swift */ = {isa = PBXFileReference; fileEncoding = 4; lastKnownFileType = sourcecode.swift; path = "Label+Extension.swift"; sourceTree = "<group>"; };
		7207101C2C17404700DEB707 /* TextField+Extension.swift */ = {isa = PBXFileReference; fileEncoding = 4; lastKnownFileType = sourcecode.swift; path = "TextField+Extension.swift"; sourceTree = "<group>"; };
		7207101D2C17404700DEB707 /* UIImageView+Extension.swift */ = {isa = PBXFileReference; fileEncoding = 4; lastKnownFileType = sourcecode.swift; path = "UIImageView+Extension.swift"; sourceTree = "<group>"; };
		720710232C17404D00DEB707 /* ReuseIdentifierProtocol.swift */ = {isa = PBXFileReference; fileEncoding = 4; lastKnownFileType = sourcecode.swift; path = ReuseIdentifierProtocol.swift; sourceTree = "<group>"; };
		720710262C17405600DEB707 /* TMDB.swift */ = {isa = PBXFileReference; fileEncoding = 4; lastKnownFileType = sourcecode.swift; path = TMDB.swift; sourceTree = "<group>"; };
		720710342C1740ED00DEB707 /* .gitignore */ = {isa = PBXFileReference; lastKnownFileType = text; path = .gitignore; sourceTree = "<group>"; };
		720710362C17415D00DEB707 /* APIKey.swift */ = {isa = PBXFileReference; lastKnownFileType = sourcecode.swift; path = APIKey.swift; sourceTree = "<group>"; };
		720710382C17542600DEB707 /* DetailViewController.swift */ = {isa = PBXFileReference; lastKnownFileType = sourcecode.swift; path = DetailViewController.swift; sourceTree = "<group>"; };
		7207103A2C175DF700DEB707 /* OverViewTableViewCell.swift */ = {isa = PBXFileReference; lastKnownFileType = sourcecode.swift; path = OverViewTableViewCell.swift; sourceTree = "<group>"; };
		7207103C2C17609C00DEB707 /* CastTableViewCell.swift */ = {isa = PBXFileReference; lastKnownFileType = sourcecode.swift; path = CastTableViewCell.swift; sourceTree = "<group>"; };
		720710482C18888F00DEB707 /* MovieViewController.swift */ = {isa = PBXFileReference; lastKnownFileType = sourcecode.swift; path = MovieViewController.swift; sourceTree = "<group>"; };
		7207104A2C18897E00DEB707 /* MovieCollectionViewCell.swift */ = {isa = PBXFileReference; lastKnownFileType = sourcecode.swift; path = MovieCollectionViewCell.swift; sourceTree = "<group>"; };
		7207104C2C18930300DEB707 /* Movie.swift */ = {isa = PBXFileReference; lastKnownFileType = sourcecode.swift; path = Movie.swift; sourceTree = "<group>"; };
		72154CC82C29B56C00EEF679 /* TabBarController.swift */ = {isa = PBXFileReference; lastKnownFileType = sourcecode.swift; path = TabBarController.swift; sourceTree = "<group>"; };
/* End PBXFileReference section */

/* Begin PBXFrameworksBuildPhase section */
		72070FF82C173FC500DEB707 /* Frameworks */ = {
			isa = PBXFrameworksBuildPhase;
			buildActionMask = 2147483647;
			files = (
				720710502C18A75D00DEB707 /* Toast in Frameworks */,
				720710312C17407400DEB707 /* Alamofire in Frameworks */,
				7207102B2C17406100DEB707 /* Kingfisher in Frameworks */,
				7207102E2C17406A00DEB707 /* SnapKit in Frameworks */,
			);
			runOnlyForDeploymentPostprocessing = 0;
		};
/* End PBXFrameworksBuildPhase section */

/* Begin PBXGroup section */
		72070FF22C173FC500DEB707 = {
			isa = PBXGroup;
			children = (
				720710342C1740ED00DEB707 /* .gitignore */,
				72070FFD2C173FC500DEB707 /* MediaProject */,
				72070FFC2C173FC500DEB707 /* Products */,
			);
			sourceTree = "<group>";
		};
		72070FFC2C173FC500DEB707 /* Products */ = {
			isa = PBXGroup;
			children = (
				72070FFB2C173FC500DEB707 /* MediaProject.app */,
			);
			name = Products;
			sourceTree = "<group>";
		};
		72070FFD2C173FC500DEB707 /* MediaProject */ = {
			isa = PBXGroup;
			children = (
				720710272C17405600DEB707 /* Struct */,
				720710242C17404D00DEB707 /* Protocol */,
				7207101E2C17404700DEB707 /* Extension */,
				720710172C17403100DEB707 /* ViewController */,
				720710142C17402800DEB707 /* Cell */,
				72070FFE2C173FC500DEB707 /* AppDelegate.swift */,
				720710002C173FC500DEB707 /* SceneDelegate.swift */,
				720710072C173FC700DEB707 /* Assets.xcassets */,
				720710092C173FC700DEB707 /* LaunchScreen.storyboard */,
				7207100C2C173FC700DEB707 /* Info.plist */,
				720710362C17415D00DEB707 /* APIKey.swift */,
			);
			path = MediaProject;
			sourceTree = "<group>";
		};
		720710142C17402800DEB707 /* Cell */ = {
			isa = PBXGroup;
			children = (
				720710122C17402800DEB707 /* MediaTableViewCell.swift */,
				7207103A2C175DF700DEB707 /* OverViewTableViewCell.swift */,
				7207103C2C17609C00DEB707 /* CastTableViewCell.swift */,
				7207104A2C18897E00DEB707 /* MovieCollectionViewCell.swift */,
			);
			path = Cell;
			sourceTree = "<group>";
		};
		720710172C17403100DEB707 /* ViewController */ = {
			isa = PBXGroup;
			children = (
				72154CC72C29B54D00EEF679 /* TabBar */,
				720710182C17403B00DEB707 /* MediaViewController.swift */,
				720710382C17542600DEB707 /* DetailViewController.swift */,
				720710482C18888F00DEB707 /* MovieViewController.swift */,
			);
			path = ViewController;
			sourceTree = "<group>";
		};
		7207101E2C17404700DEB707 /* Extension */ = {
			isa = PBXGroup;
			children = (
				7207101A2C17404700DEB707 /* Button+Extension.swift */,
				7207101B2C17404700DEB707 /* Label+Extension.swift */,
				7207101C2C17404700DEB707 /* TextField+Extension.swift */,
				7207101D2C17404700DEB707 /* UIImageView+Extension.swift */,
			);
			path = Extension;
			sourceTree = "<group>";
		};
		720710242C17404D00DEB707 /* Protocol */ = {
			isa = PBXGroup;
			children = (
				720710232C17404D00DEB707 /* ReuseIdentifierProtocol.swift */,
			);
			path = Protocol;
			sourceTree = "<group>";
		};
		720710272C17405600DEB707 /* Struct */ = {
			isa = PBXGroup;
			children = (
				720710262C17405600DEB707 /* TMDB.swift */,
				7207104C2C18930300DEB707 /* Movie.swift */,
			);
			path = Struct;
			sourceTree = "<group>";
		};
		72154CC72C29B54D00EEF679 /* TabBar */ = {
			isa = PBXGroup;
			children = (
				72154CC82C29B56C00EEF679 /* TabBarController.swift */,
			);
			path = TabBar;
			sourceTree = "<group>";
		};
/* End PBXGroup section */

/* Begin PBXNativeTarget section */
		72070FFA2C173FC500DEB707 /* MediaProject */ = {
			isa = PBXNativeTarget;
			buildConfigurationList = 7207100F2C173FC700DEB707 /* Build configuration list for PBXNativeTarget "MediaProject" */;
			buildPhases = (
				72070FF72C173FC500DEB707 /* Sources */,
				72070FF82C173FC500DEB707 /* Frameworks */,
				72070FF92C173FC500DEB707 /* Resources */,
			);
			buildRules = (
			);
			dependencies = (
			);
			name = MediaProject;
			packageProductDependencies = (
				7207102A2C17406100DEB707 /* Kingfisher */,
				7207102D2C17406A00DEB707 /* SnapKit */,
				720710302C17407400DEB707 /* Alamofire */,
				7207104F2C18A75D00DEB707 /* Toast */,
			);
			productName = MediaProject;
			productReference = 72070FFB2C173FC500DEB707 /* MediaProject.app */;
			productType = "com.apple.product-type.application";
		};
/* End PBXNativeTarget section */

/* Begin PBXProject section */
		72070FF32C173FC500DEB707 /* Project object */ = {
			isa = PBXProject;
			attributes = {
				BuildIndependentTargetsInParallel = 1;
				LastSwiftUpdateCheck = 1530;
				LastUpgradeCheck = 1530;
				TargetAttributes = {
					72070FFA2C173FC500DEB707 = {
						CreatedOnToolsVersion = 15.3;
					};
				};
			};
			buildConfigurationList = 72070FF62C173FC500DEB707 /* Build configuration list for PBXProject "MediaProject" */;
			compatibilityVersion = "Xcode 14.0";
			developmentRegion = en;
			hasScannedForEncodings = 0;
			knownRegions = (
				en,
				Base,
			);
			mainGroup = 72070FF22C173FC500DEB707;
			packageReferences = (
				720710292C17406100DEB707 /* XCRemoteSwiftPackageReference "Kingfisher" */,
				7207102C2C17406A00DEB707 /* XCRemoteSwiftPackageReference "SnapKit" */,
				7207102F2C17407400DEB707 /* XCRemoteSwiftPackageReference "Alamofire" */,
				7207104E2C18A75D00DEB707 /* XCRemoteSwiftPackageReference "Toast-Swift" */,
			);
			productRefGroup = 72070FFC2C173FC500DEB707 /* Products */;
			projectDirPath = "";
			projectRoot = "";
			targets = (
				72070FFA2C173FC500DEB707 /* MediaProject */,
			);
		};
/* End PBXProject section */

/* Begin PBXResourcesBuildPhase section */
		72070FF92C173FC500DEB707 /* Resources */ = {
			isa = PBXResourcesBuildPhase;
			buildActionMask = 2147483647;
			files = (
				720710082C173FC700DEB707 /* Assets.xcassets in Resources */,
				720710352C1740ED00DEB707 /* .gitignore in Resources */,
				7207100B2C173FC700DEB707 /* Base in Resources */,
			);
			runOnlyForDeploymentPostprocessing = 0;
		};
/* End PBXResourcesBuildPhase section */

/* Begin PBXSourcesBuildPhase section */
		72070FF72C173FC500DEB707 /* Sources */ = {
			isa = PBXSourcesBuildPhase;
			buildActionMask = 2147483647;
			files = (
				7207104B2C18897E00DEB707 /* MovieCollectionViewCell.swift in Sources */,
				7207103B2C175DF700DEB707 /* OverViewTableViewCell.swift in Sources */,
				7207104D2C18930300DEB707 /* Movie.swift in Sources */,
				72154CC92C29B56C00EEF679 /* TabBarController.swift in Sources */,
				720710392C17542600DEB707 /* DetailViewController.swift in Sources */,
				720710222C17404700DEB707 /* UIImageView+Extension.swift in Sources */,
				720710492C18888F00DEB707 /* MovieViewController.swift in Sources */,
				720710212C17404700DEB707 /* TextField+Extension.swift in Sources */,
				720710202C17404700DEB707 /* Label+Extension.swift in Sources */,
				7207101F2C17404700DEB707 /* Button+Extension.swift in Sources */,
				720710282C17405600DEB707 /* TMDB.swift in Sources */,
				720710192C17403B00DEB707 /* MediaViewController.swift in Sources */,
				720710252C17404D00DEB707 /* ReuseIdentifierProtocol.swift in Sources */,
				72070FFF2C173FC500DEB707 /* AppDelegate.swift in Sources */,
				7207103D2C17609C00DEB707 /* CastTableViewCell.swift in Sources */,
				720710152C17402800DEB707 /* MediaTableViewCell.swift in Sources */,
				720710372C17415D00DEB707 /* APIKey.swift in Sources */,
				720710012C173FC500DEB707 /* SceneDelegate.swift in Sources */,
			);
			runOnlyForDeploymentPostprocessing = 0;
		};
/* End PBXSourcesBuildPhase section */

/* Begin PBXVariantGroup section */
		720710092C173FC700DEB707 /* LaunchScreen.storyboard */ = {
			isa = PBXVariantGroup;
			children = (
				7207100A2C173FC700DEB707 /* Base */,
			);
			name = LaunchScreen.storyboard;
			sourceTree = "<group>";
		};
/* End PBXVariantGroup section */

/* Begin XCBuildConfiguration section */
		7207100D2C173FC700DEB707 /* Debug */ = {
			isa = XCBuildConfiguration;
			buildSettings = {
				ALWAYS_SEARCH_USER_PATHS = NO;
				ASSETCATALOG_COMPILER_GENERATE_SWIFT_ASSET_SYMBOL_EXTENSIONS = YES;
				CLANG_ANALYZER_NONNULL = YES;
				CLANG_ANALYZER_NUMBER_OBJECT_CONVERSION = YES_AGGRESSIVE;
				CLANG_CXX_LANGUAGE_STANDARD = "gnu++20";
				CLANG_ENABLE_MODULES = YES;
				CLANG_ENABLE_OBJC_ARC = YES;
				CLANG_ENABLE_OBJC_WEAK = YES;
				CLANG_WARN_BLOCK_CAPTURE_AUTORELEASING = YES;
				CLANG_WARN_BOOL_CONVERSION = YES;
				CLANG_WARN_COMMA = YES;
				CLANG_WARN_CONSTANT_CONVERSION = YES;
				CLANG_WARN_DEPRECATED_OBJC_IMPLEMENTATIONS = YES;
				CLANG_WARN_DIRECT_OBJC_ISA_USAGE = YES_ERROR;
				CLANG_WARN_DOCUMENTATION_COMMENTS = YES;
				CLANG_WARN_EMPTY_BODY = YES;
				CLANG_WARN_ENUM_CONVERSION = YES;
				CLANG_WARN_INFINITE_RECURSION = YES;
				CLANG_WARN_INT_CONVERSION = YES;
				CLANG_WARN_NON_LITERAL_NULL_CONVERSION = YES;
				CLANG_WARN_OBJC_IMPLICIT_RETAIN_SELF = YES;
				CLANG_WARN_OBJC_LITERAL_CONVERSION = YES;
				CLANG_WARN_OBJC_ROOT_CLASS = YES_ERROR;
				CLANG_WARN_QUOTED_INCLUDE_IN_FRAMEWORK_HEADER = YES;
				CLANG_WARN_RANGE_LOOP_ANALYSIS = YES;
				CLANG_WARN_STRICT_PROTOTYPES = YES;
				CLANG_WARN_SUSPICIOUS_MOVE = YES;
				CLANG_WARN_UNGUARDED_AVAILABILITY = YES_AGGRESSIVE;
				CLANG_WARN_UNREACHABLE_CODE = YES;
				CLANG_WARN__DUPLICATE_METHOD_MATCH = YES;
				COPY_PHASE_STRIP = NO;
				DEBUG_INFORMATION_FORMAT = dwarf;
				ENABLE_STRICT_OBJC_MSGSEND = YES;
				ENABLE_TESTABILITY = YES;
				ENABLE_USER_SCRIPT_SANDBOXING = YES;
				GCC_C_LANGUAGE_STANDARD = gnu17;
				GCC_DYNAMIC_NO_PIC = NO;
				GCC_NO_COMMON_BLOCKS = YES;
				GCC_OPTIMIZATION_LEVEL = 0;
				GCC_PREPROCESSOR_DEFINITIONS = (
					"DEBUG=1",
					"$(inherited)",
				);
				GCC_WARN_64_TO_32_BIT_CONVERSION = YES;
				GCC_WARN_ABOUT_RETURN_TYPE = YES_ERROR;
				GCC_WARN_UNDECLARED_SELECTOR = YES;
				GCC_WARN_UNINITIALIZED_AUTOS = YES_AGGRESSIVE;
				GCC_WARN_UNUSED_FUNCTION = YES;
				GCC_WARN_UNUSED_VARIABLE = YES;
				IPHONEOS_DEPLOYMENT_TARGET = 17.4;
				LOCALIZATION_PREFERS_STRING_CATALOGS = YES;
				MTL_ENABLE_DEBUG_INFO = INCLUDE_SOURCE;
				MTL_FAST_MATH = YES;
				ONLY_ACTIVE_ARCH = YES;
				SDKROOT = iphoneos;
				SWIFT_ACTIVE_COMPILATION_CONDITIONS = "DEBUG $(inherited)";
				SWIFT_OPTIMIZATION_LEVEL = "-Onone";
			};
			name = Debug;
		};
		7207100E2C173FC700DEB707 /* Release */ = {
			isa = XCBuildConfiguration;
			buildSettings = {
				ALWAYS_SEARCH_USER_PATHS = NO;
				ASSETCATALOG_COMPILER_GENERATE_SWIFT_ASSET_SYMBOL_EXTENSIONS = YES;
				CLANG_ANALYZER_NONNULL = YES;
				CLANG_ANALYZER_NUMBER_OBJECT_CONVERSION = YES_AGGRESSIVE;
				CLANG_CXX_LANGUAGE_STANDARD = "gnu++20";
				CLANG_ENABLE_MODULES = YES;
				CLANG_ENABLE_OBJC_ARC = YES;
				CLANG_ENABLE_OBJC_WEAK = YES;
				CLANG_WARN_BLOCK_CAPTURE_AUTORELEASING = YES;
				CLANG_WARN_BOOL_CONVERSION = YES;
				CLANG_WARN_COMMA = YES;
				CLANG_WARN_CONSTANT_CONVERSION = YES;
				CLANG_WARN_DEPRECATED_OBJC_IMPLEMENTATIONS = YES;
				CLANG_WARN_DIRECT_OBJC_ISA_USAGE = YES_ERROR;
				CLANG_WARN_DOCUMENTATION_COMMENTS = YES;
				CLANG_WARN_EMPTY_BODY = YES;
				CLANG_WARN_ENUM_CONVERSION = YES;
				CLANG_WARN_INFINITE_RECURSION = YES;
				CLANG_WARN_INT_CONVERSION = YES;
				CLANG_WARN_NON_LITERAL_NULL_CONVERSION = YES;
				CLANG_WARN_OBJC_IMPLICIT_RETAIN_SELF = YES;
				CLANG_WARN_OBJC_LITERAL_CONVERSION = YES;
				CLANG_WARN_OBJC_ROOT_CLASS = YES_ERROR;
				CLANG_WARN_QUOTED_INCLUDE_IN_FRAMEWORK_HEADER = YES;
				CLANG_WARN_RANGE_LOOP_ANALYSIS = YES;
				CLANG_WARN_STRICT_PROTOTYPES = YES;
				CLANG_WARN_SUSPICIOUS_MOVE = YES;
				CLANG_WARN_UNGUARDED_AVAILABILITY = YES_AGGRESSIVE;
				CLANG_WARN_UNREACHABLE_CODE = YES;
				CLANG_WARN__DUPLICATE_METHOD_MATCH = YES;
				COPY_PHASE_STRIP = NO;
				DEBUG_INFORMATION_FORMAT = "dwarf-with-dsym";
				ENABLE_NS_ASSERTIONS = NO;
				ENABLE_STRICT_OBJC_MSGSEND = YES;
				ENABLE_USER_SCRIPT_SANDBOXING = YES;
				GCC_C_LANGUAGE_STANDARD = gnu17;
				GCC_NO_COMMON_BLOCKS = YES;
				GCC_WARN_64_TO_32_BIT_CONVERSION = YES;
				GCC_WARN_ABOUT_RETURN_TYPE = YES_ERROR;
				GCC_WARN_UNDECLARED_SELECTOR = YES;
				GCC_WARN_UNINITIALIZED_AUTOS = YES_AGGRESSIVE;
				GCC_WARN_UNUSED_FUNCTION = YES;
				GCC_WARN_UNUSED_VARIABLE = YES;
				IPHONEOS_DEPLOYMENT_TARGET = 17.4;
				LOCALIZATION_PREFERS_STRING_CATALOGS = YES;
				MTL_ENABLE_DEBUG_INFO = NO;
				MTL_FAST_MATH = YES;
				SDKROOT = iphoneos;
				SWIFT_COMPILATION_MODE = wholemodule;
				VALIDATE_PRODUCT = YES;
			};
			name = Release;
		};
		720710102C173FC700DEB707 /* Debug */ = {
			isa = XCBuildConfiguration;
			buildSettings = {
				ASSETCATALOG_COMPILER_APPICON_NAME = AppIcon;
				ASSETCATALOG_COMPILER_GLOBAL_ACCENT_COLOR_NAME = AccentColor;
				CODE_SIGN_STYLE = Automatic;
				CURRENT_PROJECT_VERSION = 1;
				DEVELOPMENT_TEAM = QQN262X7KM;
				GENERATE_INFOPLIST_FILE = YES;
				INFOPLIST_FILE = MediaProject/Info.plist;
				INFOPLIST_KEY_UIApplicationSupportsIndirectInputEvents = YES;
				INFOPLIST_KEY_UILaunchStoryboardName = LaunchScreen;
				INFOPLIST_KEY_UISupportedInterfaceOrientations = UIInterfaceOrientationPortrait;
				INFOPLIST_KEY_UISupportedInterfaceOrientations_iPad = "UIInterfaceOrientationLandscapeLeft UIInterfaceOrientationLandscapeRight UIInterfaceOrientationPortrait UIInterfaceOrientationPortraitUpsideDown";
				IPHONEOS_DEPLOYMENT_TARGET = 16.0;
				LD_RUNPATH_SEARCH_PATHS = (
					"$(inherited)",
					"@executable_path/Frameworks",
				);
				MARKETING_VERSION = 1.0;
				PRODUCT_BUNDLE_IDENTIFIER = com.Jun.MediaProject;
				PRODUCT_NAME = "$(TARGET_NAME)";
				SUPPORTED_PLATFORMS = "iphoneos iphonesimulator";
				SUPPORTS_MACCATALYST = NO;
				SUPPORTS_MAC_DESIGNED_FOR_IPHONE_IPAD = NO;
				SUPPORTS_XR_DESIGNED_FOR_IPHONE_IPAD = NO;
				SWIFT_EMIT_LOC_STRINGS = YES;
				SWIFT_VERSION = 5.0;
				TARGETED_DEVICE_FAMILY = 1;
			};
			name = Debug;
		};
		720710112C173FC700DEB707 /* Release */ = {
			isa = XCBuildConfiguration;
			buildSettings = {
				ASSETCATALOG_COMPILER_APPICON_NAME = AppIcon;
				ASSETCATALOG_COMPILER_GLOBAL_ACCENT_COLOR_NAME = AccentColor;
				CODE_SIGN_STYLE = Automatic;
				CURRENT_PROJECT_VERSION = 1;
				DEVELOPMENT_TEAM = QQN262X7KM;
				GENERATE_INFOPLIST_FILE = YES;
				INFOPLIST_FILE = MediaProject/Info.plist;
				INFOPLIST_KEY_UIApplicationSupportsIndirectInputEvents = YES;
				INFOPLIST_KEY_UILaunchStoryboardName = LaunchScreen;
				INFOPLIST_KEY_UISupportedInterfaceOrientations = UIInterfaceOrientationPortrait;
				INFOPLIST_KEY_UISupportedInterfaceOrientations_iPad = "UIInterfaceOrientationLandscapeLeft UIInterfaceOrientationLandscapeRight UIInterfaceOrientationPortrait UIInterfaceOrientationPortraitUpsideDown";
				IPHONEOS_DEPLOYMENT_TARGET = 16.0;
				LD_RUNPATH_SEARCH_PATHS = (
					"$(inherited)",
					"@executable_path/Frameworks",
				);
				MARKETING_VERSION = 1.0;
				PRODUCT_BUNDLE_IDENTIFIER = com.Jun.MediaProject;
				PRODUCT_NAME = "$(TARGET_NAME)";
				SUPPORTED_PLATFORMS = "iphoneos iphonesimulator";
				SUPPORTS_MACCATALYST = NO;
				SUPPORTS_MAC_DESIGNED_FOR_IPHONE_IPAD = NO;
				SUPPORTS_XR_DESIGNED_FOR_IPHONE_IPAD = NO;
				SWIFT_EMIT_LOC_STRINGS = YES;
				SWIFT_VERSION = 5.0;
				TARGETED_DEVICE_FAMILY = 1;
			};
			name = Release;
		};
/* End XCBuildConfiguration section */

/* Begin XCConfigurationList section */
		72070FF62C173FC500DEB707 /* Build configuration list for PBXProject "MediaProject" */ = {
			isa = XCConfigurationList;
			buildConfigurations = (
				7207100D2C173FC700DEB707 /* Debug */,
				7207100E2C173FC700DEB707 /* Release */,
			);
			defaultConfigurationIsVisible = 0;
			defaultConfigurationName = Release;
		};
		7207100F2C173FC700DEB707 /* Build configuration list for PBXNativeTarget "MediaProject" */ = {
			isa = XCConfigurationList;
			buildConfigurations = (
				720710102C173FC700DEB707 /* Debug */,
				720710112C173FC700DEB707 /* Release */,
			);
			defaultConfigurationIsVisible = 0;
			defaultConfigurationName = Release;
		};
/* End XCConfigurationList section */

/* Begin XCRemoteSwiftPackageReference section */
		720710292C17406100DEB707 /* XCRemoteSwiftPackageReference "Kingfisher" */ = {
			isa = XCRemoteSwiftPackageReference;
			repositoryURL = "https://github.com/onevcat/Kingfisher.git";
			requirement = {
				kind = upToNextMajorVersion;
				minimumVersion = 7.12.0;
			};
		};
		7207102C2C17406A00DEB707 /* XCRemoteSwiftPackageReference "SnapKit" */ = {
			isa = XCRemoteSwiftPackageReference;
			repositoryURL = "https://github.com/SnapKit/SnapKit.git";
			requirement = {
				kind = upToNextMajorVersion;
				minimumVersion = 5.7.1;
			};
		};
		7207102F2C17407400DEB707 /* XCRemoteSwiftPackageReference "Alamofire" */ = {
			isa = XCRemoteSwiftPackageReference;
			repositoryURL = "https://github.com/Alamofire/Alamofire.git";
			requirement = {
				kind = upToNextMajorVersion;
				minimumVersion = 5.9.1;
			};
		};
		7207104E2C18A75D00DEB707 /* XCRemoteSwiftPackageReference "Toast-Swift" */ = {
			isa = XCRemoteSwiftPackageReference;
			repositoryURL = "https://github.com/scalessec/Toast-Swift.git";
			requirement = {
				kind = upToNextMajorVersion;
				minimumVersion = 5.1.1;
			};
		};
/* End XCRemoteSwiftPackageReference section */

/* Begin XCSwiftPackageProductDependency section */
		7207102A2C17406100DEB707 /* Kingfisher */ = {
			isa = XCSwiftPackageProductDependency;
			package = 720710292C17406100DEB707 /* XCRemoteSwiftPackageReference "Kingfisher" */;
			productName = Kingfisher;
		};
		7207102D2C17406A00DEB707 /* SnapKit */ = {
			isa = XCSwiftPackageProductDependency;
			package = 7207102C2C17406A00DEB707 /* XCRemoteSwiftPackageReference "SnapKit" */;
			productName = SnapKit;
		};
		720710302C17407400DEB707 /* Alamofire */ = {
			isa = XCSwiftPackageProductDependency;
			package = 7207102F2C17407400DEB707 /* XCRemoteSwiftPackageReference "Alamofire" */;
			productName = Alamofire;
		};
		7207104F2C18A75D00DEB707 /* Toast */ = {
			isa = XCSwiftPackageProductDependency;
			package = 7207104E2C18A75D00DEB707 /* XCRemoteSwiftPackageReference "Toast-Swift" */;
			productName = Toast;
		};
/* End XCSwiftPackageProductDependency section */
	};
	rootObject = 72070FF32C173FC500DEB707 /* Project object */;
}
